PODS:
  - Cedar (0.9.8)
  - PivotalCoreKit/UIKit/SpecHelper (0.0.3):
    - PivotalCoreKit/UIKit/SpecHelper/Extensions
    - PivotalCoreKit/UIKit/SpecHelper/Matchers
    - PivotalCoreKit/UIKit/SpecHelper/Stubs
  - PivotalCoreKit/UIKit/SpecHelper/Extensions (0.0.3)
  - PivotalCoreKit/UIKit/SpecHelper/Matchers (0.0.3)
  - PivotalCoreKit/UIKit/SpecHelper/Stubs (0.0.3)

DEPENDENCIES:
  - Cedar (from `https://github.com/pivotal/cedar.git`)
  - PivotalCoreKit/UIKit/SpecHelper

EXTERNAL SOURCES:
  Cedar:
    :git: https://github.com/pivotal/cedar.git

SPEC CHECKSUMS:
  Cedar: 8c4f82870dae7d2064562bf001596cf547d62662
  PivotalCoreKit: 6bd7f9e2b128c9699f660deaee9f8e8f77a7bd7d

COCOAPODS: 0.34.1
