PODS:
  - Cedar (0.10.0)
  - PivotalCoreKit/UIKit/SpecHelper (0.0.3):
    - PivotalCoreKit/UIKit/SpecHelper/Extensions
    - PivotalCoreKit/UIKit/SpecHelper/Matchers
    - PivotalCoreKit/UIKit/SpecHelper/Stubs
  - PivotalCoreKit/UIKit/SpecHelper/Extensions (0.0.3)
  - PivotalCoreKit/UIKit/SpecHelper/Matchers (0.0.3)
  - PivotalCoreKit/UIKit/SpecHelper/Stubs (0.0.3)

DEPENDENCIES:
  - Cedar (= 0.10.0)
  - PivotalCoreKit/UIKit/SpecHelper

SPEC CHECKSUMS:
  Cedar: 65b780d0e75ccb626a43890347315de1b822ec8e
  PivotalCoreKit: 6bd7f9e2b128c9699f660deaee9f8e8f77a7bd7d

COCOAPODS: 0.34.1
